{
    "name": "rmarston-github-io",
    "version": "1.0.0",
    "lockfileVersion": 3,
    "requires": true,
    "packages": {
        "": {
            "name": "rmarston-github-io",
            "version": "1.0.0",
            "license": "MIT",
            "dependencies": {
                "autoprefixer": "10.5.4",
                "bootstrap": "5.3.8",
                "postcss": "8.5.26",
                "prettier": "3.9.6",
                "pug": "3.0.4",
                "sass": "1.103.1",
                "shelljs": "0.10.0",
                "upath": "3.0.8"
            },
            "devDependencies": {
                "@babel/preset-env": "^7.29.0",
                "@babel/preset-typescript": "^7.29.7",
                "browser-sync": "3.0.4",
                "chokidar": "5.0.0",
                "concurrently": "10.0.5",
                "jest": "^30.5.0"
            }
        }
    }
}
